// !$*UTF8*$!
{
	archiveVersion = 1;
	classes = {
	};
	objectVersion = 56;
	objects = {

/* Begin PBXBuildFile section */
		47E5CAB62B46A68F0011A921 /* SwiftUI_TikTokApp.swift in Sources */ = {isa = PBXBuildFile; fileRef = 47E5CAB52B46A68F0011A921 /* SwiftUI_TikTokApp.swift */; };
		47E5CAB82B46A68F0011A921 /* ContentView.swift in Sources */ = {isa = PBXBuildFile; fileRef = 47E5CAB72B46A68F0011A921 /* ContentView.swift */; };
		47E5CABA2B46A6910011A921 /* Assets.xcassets in Resources */ = {isa = PBXBuildFile; fileRef = 47E5CAB92B46A6910011A921 /* Assets.xcassets */; };
		47E5CABD2B46A6910011A921 /* Preview Assets.xcassets in Resources */ = {isa = PBXBuildFile; fileRef = 47E5CABC2B46A6910011A921 /* Preview Assets.xcassets */; };
		47E5CAD72B4793B40011A921 /* MainTabView.swift in Sources */ = {isa = PBXBuildFile; fileRef = 47E5CAD62B4793B40011A921 /* MainTabView.swift */; };
		47E5CAD92B479C500011A921 /* FeedView.swift in Sources */ = {isa = PBXBuildFile; fileRef = 47E5CAD82B479C500011A921 /* FeedView.swift */; };
		47E5CADB2B479E7E0011A921 /* FeedCall.swift in Sources */ = {isa = PBXBuildFile; fileRef = 47E5CADA2B479E7E0011A921 /* FeedCall.swift */; };
		47E5CADD2B4A48030011A921 /* ExploreView.swift in Sources */ = {isa = PBXBuildFile; fileRef = 47E5CADC2B4A48030011A921 /* ExploreView.swift */; };
		47E5CADF2B4A481D0011A921 /* UserCell.swift in Sources */ = {isa = PBXBuildFile; fileRef = 47E5CADE2B4A481D0011A921 /* UserCell.swift */; };
		47E5CAE12B4A4B2D0011A921 /* NotficationsView.swift in Sources */ = {isa = PBXBuildFile; fileRef = 47E5CAE02B4A4B2D0011A921 /* NotficationsView.swift */; };
		47E5CAE32B4A4B400011A921 /* NotficationCall.swift in Sources */ = {isa = PBXBuildFile; fileRef = 47E5CAE22B4A4B400011A921 /* NotficationCall.swift */; };
		47E5CAE52B4A4E5D0011A921 /* CurrentUserProfileView.swift in Sources */ = {isa = PBXBuildFile; fileRef = 47E5CAE42B4A4E5D0011A921 /* CurrentUserProfileView.swift */; };
		47E5CAE72B4A4E820011A921 /* ProfileHeaderView.swift in Sources */ = {isa = PBXBuildFile; fileRef = 47E5CAE62B4A4E820011A921 /* ProfileHeaderView.swift */; };
		47E5CAE92B4A4E940011A921 /* PostGiredView.swift in Sources */ = {isa = PBXBuildFile; fileRef = 47E5CAE82B4A4E940011A921 /* PostGiredView.swift */; };
		47E5CAED2B4A52DD0011A921 /* UserStatView.swift in Sources */ = {isa = PBXBuildFile; fileRef = 47E5CAEC2B4A52DD0011A921 /* UserStatView.swift */; };
/* End PBXBuildFile section */

/* Begin PBXFileReference section */
		47E5CAB22B46A68F0011A921 /* SwiftUI-TikTok.app */ = {isa = PBXFileReference; explicitFileType = wrapper.application; includeInIndex = 0; path = "SwiftUI-TikTok.app"; sourceTree = BUILT_PRODUCTS_DIR; };
		47E5CAB52B46A68F0011A921 /* SwiftUI_TikTokApp.swift */ = {isa = PBXFileReference; lastKnownFileType = sourcecode.swift; path = SwiftUI_TikTokApp.swift; sourceTree = "<group>"; };
		47E5CAB72B46A68F0011A921 /* ContentView.swift */ = {isa = PBXFileReference; lastKnownFileType = sourcecode.swift; path = ContentView.swift; sourceTree = "<group>"; };
		47E5CAB92B46A6910011A921 /* Assets.xcassets */ = {isa = PBXFileReference; lastKnownFileType = folder.assetcatalog; path = Assets.xcassets; sourceTree = "<group>"; };
		47E5CABC2B46A6910011A921 /* Preview Assets.xcassets */ = {isa = PBXFileReference; lastKnownFileType = folder.assetcatalog; path = "Preview Assets.xcassets"; sourceTree = "<group>"; };
		47E5CAD62B4793B40011A921 /* MainTabView.swift */ = {isa = PBXFileReference; lastKnownFileType = sourcecode.swift; path = MainTabView.swift; sourceTree = "<group>"; };
		47E5CAD82B479C500011A921 /* FeedView.swift */ = {isa = PBXFileReference; lastKnownFileType = sourcecode.swift; path = FeedView.swift; sourceTree = "<group>"; };
		47E5CADA2B479E7E0011A921 /* FeedCall.swift */ = {isa = PBXFileReference; lastKnownFileType = sourcecode.swift; path = FeedCall.swift; sourceTree = "<group>"; };
		47E5CADC2B4A48030011A921 /* ExploreView.swift */ = {isa = PBXFileReference; lastKnownFileType = sourcecode.swift; path = ExploreView.swift; sourceTree = "<group>"; };
		47E5CADE2B4A481D0011A921 /* UserCell.swift */ = {isa = PBXFileReference; lastKnownFileType = sourcecode.swift; path = UserCell.swift; sourceTree = "<group>"; };
		47E5CAE02B4A4B2D0011A921 /* NotficationsView.swift */ = {isa = PBXFileReference; lastKnownFileType = sourcecode.swift; path = NotficationsView.swift; sourceTree = "<group>"; };
		47E5CAE22B4A4B400011A921 /* NotficationCall.swift */ = {isa = PBXFileReference; lastKnownFileType = sourcecode.swift; path = NotficationCall.swift; sourceTree = "<group>"; };
		47E5CAE42B4A4E5D0011A921 /* CurrentUserProfileView.swift */ = {isa = PBXFileReference; lastKnownFileType = sourcecode.swift; path = CurrentUserProfileView.swift; sourceTree = "<group>"; };
		47E5CAE62B4A4E820011A921 /* ProfileHeaderView.swift */ = {isa = PBXFileReference; lastKnownFileType = sourcecode.swift; path = ProfileHeaderView.swift; sourceTree = "<group>"; };
		47E5CAE82B4A4E940011A921 /* PostGiredView.swift */ = {isa = PBXFileReference; lastKnownFileType = sourcecode.swift; path = PostGiredView.swift; sourceTree = "<group>"; };
		47E5CAEC2B4A52DD0011A921 /* UserStatView.swift */ = {isa = PBXFileReference; lastKnownFileType = sourcecode.swift; path = UserStatView.swift; sourceTree = "<group>"; };
/* End PBXFileReference section */

/* Begin PBXFrameworksBuildPhase section */
		47E5CAAF2B46A68F0011A921 /* Frameworks */ = {
			isa = PBXFrameworksBuildPhase;
			buildActionMask = 2147483647;
			files = (
			);
			runOnlyForDeploymentPostprocessing = 0;
		};
/* End PBXFrameworksBuildPhase section */

/* Begin PBXGroup section */
		47E5CAA92B46A68F0011A921 = {
			isa = PBXGroup;
			children = (
				47E5CAB42B46A68F0011A921 /* SwiftUI-TikTok */,
				47E5CAB32B46A68F0011A921 /* Products */,
			);
			sourceTree = "<group>";
		};
		47E5CAB32B46A68F0011A921 /* Products */ = {
			isa = PBXGroup;
			children = (
				47E5CAB22B46A68F0011A921 /* SwiftUI-TikTok.app */,
			);
			name = Products;
			sourceTree = "<group>";
		};
		47E5CAB42B46A68F0011A921 /* SwiftUI-TikTok */ = {
			isa = PBXGroup;
			children = (
				47E5CAC82B47911B0011A921 /* App */,
				47E5CAC72B4790EA0011A921 /* Core */,
				47E5CAC62B4790E70011A921 /* Explience */,
				47E5CAC52B4790E40011A921 /* Model */,
				47E5CAC42B4790E00011A921 /* Services */,
				47E5CAC32B4790DD0011A921 /* Utils */,
				47E5CAB52B46A68F0011A921 /* SwiftUI_TikTokApp.swift */,
				47E5CAB92B46A6910011A921 /* Assets.xcassets */,
				47E5CABB2B46A6910011A921 /* Preview Content */,
			);
			path = "SwiftUI-TikTok";
			sourceTree = "<group>";
		};
		47E5CABB2B46A6910011A921 /* Preview Content */ = {
			isa = PBXGroup;
			children = (
				47E5CABC2B46A6910011A921 /* Preview Assets.xcassets */,
			);
			path = "Preview Content";
			sourceTree = "<group>";
		};
		47E5CAC32B4790DD0011A921 /* Utils */ = {
			isa = PBXGroup;
			children = (
			);
			path = Utils;
			sourceTree = "<group>";
		};
		47E5CAC42B4790E00011A921 /* Services */ = {
			isa = PBXGroup;
			children = (
			);
			path = Services;
			sourceTree = "<group>";
		};
		47E5CAC52B4790E40011A921 /* Model */ = {
			isa = PBXGroup;
			children = (
			);
			path = Model;
			sourceTree = "<group>";
		};
		47E5CAC62B4790E70011A921 /* Explience */ = {
			isa = PBXGroup;
			children = (
			);
			path = Explience;
			sourceTree = "<group>";
		};
		47E5CAC72B4790EA0011A921 /* Core */ = {
			isa = PBXGroup;
			children = (
				47E5CAD32B4792E90011A921 /* Authentication */,
				47E5CAD12B4792A90011A921 /* Comments */,
				47E5CAD52B47931E0011A921 /* Components */,
				47E5CACF2B4792A40011A921 /* Feed */,
				47E5CACE2B4792A10011A921 /* Notifications */,
				47E5CACD2B47929F0011A921 /* Profile */,
				47E5CACC2B47929C0011A921 /* Root */,
				47E5CACB2B4792990011A921 /* Search */,
				47E5CACA2B4792960011A921 /* TabBar */,
				47E5CAC92B4792930011A921 /* UploadModel */,
			);
			path = Core;
			sourceTree = "<group>";
		};
		47E5CAC82B47911B0011A921 /* App */ = {
			isa = PBXGroup;
			children = (
			);
			path = App;
			sourceTree = "<group>";
		};
		47E5CAC92B4792930011A921 /* UploadModel */ = {
			isa = PBXGroup;
			children = (
			);
			path = UploadModel;
			sourceTree = "<group>";
		};
		47E5CACA2B4792960011A921 /* TabBar */ = {
			isa = PBXGroup;
			children = (
				47E5CAD62B4793B40011A921 /* MainTabView.swift */,
			);
			path = TabBar;
			sourceTree = "<group>";
		};
		47E5CACB2B4792990011A921 /* Search */ = {
			isa = PBXGroup;
			children = (
				47E5CADC2B4A48030011A921 /* ExploreView.swift */,
				47E5CADE2B4A481D0011A921 /* UserCell.swift */,
			);
			path = Search;
			sourceTree = "<group>";
		};
		47E5CACC2B47929C0011A921 /* Root */ = {
			isa = PBXGroup;
			children = (
				47E5CAB72B46A68F0011A921 /* ContentView.swift */,
			);
			path = Root;
			sourceTree = "<group>";
		};
		47E5CACD2B47929F0011A921 /* Profile */ = {
			isa = PBXGroup;
			children = (
				47E5CAEB2B4A52810011A921 /* View */,
				47E5CAEA2B4A52790011A921 /* Components */,
				47E5CAE42B4A4E5D0011A921 /* CurrentUserProfileView.swift */,
			);
			path = Profile;
			sourceTree = "<group>";
		};
		47E5CACE2B4792A10011A921 /* Notifications */ = {
			isa = PBXGroup;
			children = (
				47E5CAE02B4A4B2D0011A921 /* NotficationsView.swift */,
				47E5CAE22B4A4B400011A921 /* NotficationCall.swift */,
			);
			path = Notifications;
			sourceTree = "<group>";
		};
		47E5CACF2B4792A40011A921 /* Feed */ = {
			isa = PBXGroup;
			children = (
				47E5CAD82B479C500011A921 /* FeedView.swift */,
				47E5CADA2B479E7E0011A921 /* FeedCall.swift */,
			);
			path = Feed;
			sourceTree = "<group>";
		};
		47E5CAD12B4792A90011A921 /* Comments */ = {
			isa = PBXGroup;
			children = (
			);
			path = Comments;
			sourceTree = "<group>";
		};
		47E5CAD32B4792E90011A921 /* Authentication */ = {
			isa = PBXGroup;
			children = (
			);
			path = Authentication;
			sourceTree = "<group>";
		};
		47E5CAD52B47931E0011A921 /* Components */ = {
			isa = PBXGroup;
			children = (
			);
			path = Components;
			sourceTree = "<group>";
		};
		47E5CAEA2B4A52790011A921 /* Components */ = {
			isa = PBXGroup;
			children = (
			);
			path = Components;
			sourceTree = "<group>";
		};
		47E5CAEB2B4A52810011A921 /* View */ = {
			isa = PBXGroup;
			children = (
				47E5CAE82B4A4E940011A921 /* PostGiredView.swift */,
				47E5CAE62B4A4E820011A921 /* ProfileHeaderView.swift */,
				47E5CAEC2B4A52DD0011A921 /* UserStatView.swift */,
			);
			path = View;
			sourceTree = "<group>";
		};
/* End PBXGroup section */

/* Begin PBXNativeTarget section */
		47E5CAB12B46A68F0011A921 /* SwiftUI-TikTok */ = {
			isa = PBXNativeTarget;
			buildConfigurationList = 47E5CAC02B46A6910011A921 /* Build configuration list for PBXNativeTarget "SwiftUI-TikTok" */;
			buildPhases = (
				47E5CAAE2B46A68F0011A921 /* Sources */,
				47E5CAAF2B46A68F0011A921 /* Frameworks */,
				47E5CAB02B46A68F0011A921 /* Resources */,
			);
			buildRules = (
			);
			dependencies = (
			);
			name = "SwiftUI-TikTok";
			productName = "SwiftUI-TikTok";
			productReference = 47E5CAB22B46A68F0011A921 /* SwiftUI-TikTok.app */;
			productType = "com.apple.product-type.application";
		};
/* End PBXNativeTarget section */

/* Begin PBXProject section */
		47E5CAAA2B46A68F0011A921 /* Project object */ = {
			isa = PBXProject;
			attributes = {
				BuildIndependentTargetsInParallel = 1;
				LastSwiftUpdateCheck = 1510;
				LastUpgradeCheck = 1510;
				TargetAttributes = {
					47E5CAB12B46A68F0011A921 = {
						CreatedOnToolsVersion = 15.1;
					};
				};
			};
			buildConfigurationList = 47E5CAAD2B46A68F0011A921 /* Build configuration list for PBXProject "SwiftUI-TikTok" */;
			compatibilityVersion = "Xcode 14.0";
			developmentRegion = en;
			hasScannedForEncodings = 0;
			knownRegions = (
				en,
				Base,
			);
			mainGroup = 47E5CAA92B46A68F0011A921;
			productRefGroup = 47E5CAB32B46A68F0011A921 /* Products */;
			projectDirPath = "";
			projectRoot = "";
			targets = (
				47E5CAB12B46A68F0011A921 /* SwiftUI-TikTok */,
			);
		};
/* End PBXProject section */

/* Begin PBXResourcesBuildPhase section */
		47E5CAB02B46A68F0011A921 /* Resources */ = {
			isa = PBXResourcesBuildPhase;
			buildActionMask = 2147483647;
			files = (
				47E5CABD2B46A6910011A921 /* Preview Assets.xcassets in Resources */,
				47E5CABA2B46A6910011A921 /* Assets.xcassets in Resources */,
			);
			runOnlyForDeploymentPostprocessing = 0;
		};
/* End PBXResourcesBuildPhase section */

/* Begin PBXSourcesBuildPhase section */
		47E5CAAE2B46A68F0011A921 /* Sources */ = {
			isa = PBXSourcesBuildPhase;
			buildActionMask = 2147483647;
			files = (
				47E5CAE32B4A4B400011A921 /* NotficationCall.swift in Sources */,
				47E5CAD92B479C500011A921 /* FeedView.swift in Sources */,
				47E5CAE72B4A4E820011A921 /* ProfileHeaderView.swift in Sources */,
				47E5CAED2B4A52DD0011A921 /* UserStatView.swift in Sources */,
				47E5CAB82B46A68F0011A921 /* ContentView.swift in Sources */,
				47E5CADB2B479E7E0011A921 /* FeedCall.swift in Sources */,
				47E5CAB62B46A68F0011A921 /* SwiftUI_TikTokApp.swift in Sources */,
				47E5CADD2B4A48030011A921 /* ExploreView.swift in Sources */,
				47E5CAE12B4A4B2D0011A921 /* NotficationsView.swift in Sources */,
				47E5CAE52B4A4E5D0011A921 /* CurrentUserProfileView.swift in Sources */,
				47E5CAD72B4793B40011A921 /* MainTabView.swift in Sources */,
				47E5CAE92B4A4E940011A921 /* PostGiredView.swift in Sources */,
				47E5CADF2B4A481D0011A921 /* UserCell.swift in Sources */,
			);
			runOnlyForDeploymentPostprocessing = 0;
		};
/* End PBXSourcesBuildPhase section */

/* Begin XCBuildConfiguration section */
		47E5CABE2B46A6910011A921 /* Debug */ = {
			isa = XCBuildConfiguration;
			buildSettings = {
				ALWAYS_SEARCH_USER_PATHS = NO;
				ASSETCATALOG_COMPILER_GENERATE_SWIFT_ASSET_SYMBOL_EXTENSIONS = YES;
				CLANG_ANALYZER_NONNULL = YES;
				CLANG_ANALYZER_NUMBER_OBJECT_CONVERSION = YES_AGGRESSIVE;
				CLANG_CXX_LANGUAGE_STANDARD = "gnu++20";
				CLANG_ENABLE_MODULES = YES;
				CLANG_ENABLE_OBJC_ARC = YES;
				CLANG_ENABLE_OBJC_WEAK = YES;
				CLANG_WARN_BLOCK_CAPTURE_AUTORELEASING = YES;
				CLANG_WARN_BOOL_CONVERSION = YES;
				CLANG_WARN_COMMA = YES;
				CLANG_WARN_CONSTANT_CONVERSION = YES;
				CLANG_WARN_DEPRECATED_OBJC_IMPLEMENTATIONS = YES;
				CLANG_WARN_DIRECT_OBJC_ISA_USAGE = YES_ERROR;
				CLANG_WARN_DOCUMENTATION_COMMENTS = YES;
				CLANG_WARN_EMPTY_BODY = YES;
				CLANG_WARN_ENUM_CONVERSION = YES;
				CLANG_WARN_INFINITE_RECURSION = YES;
				CLANG_WARN_INT_CONVERSION = YES;
				CLANG_WARN_NON_LITERAL_NULL_CONVERSION = YES;
				CLANG_WARN_OBJC_IMPLICIT_RETAIN_SELF = YES;
				CLANG_WARN_OBJC_LITERAL_CONVERSION = YES;
				CLANG_WARN_OBJC_ROOT_CLASS = YES_ERROR;
				CLANG_WARN_QUOTED_INCLUDE_IN_FRAMEWORK_HEADER = YES;
				CLANG_WARN_RANGE_LOOP_ANALYSIS = YES;
				CLANG_WARN_STRICT_PROTOTYPES = YES;
				CLANG_WARN_SUSPICIOUS_MOVE = YES;
				CLANG_WARN_UNGUARDED_AVAILABILITY = YES_AGGRESSIVE;
				CLANG_WARN_UNREACHABLE_CODE = YES;
				CLANG_WARN__DUPLICATE_METHOD_MATCH = YES;
				COPY_PHASE_STRIP = NO;
				DEBUG_INFORMATION_FORMAT = dwarf;
				ENABLE_STRICT_OBJC_MSGSEND = YES;
				ENABLE_TESTABILITY = YES;
				ENABLE_USER_SCRIPT_SANDBOXING = YES;
				GCC_C_LANGUAGE_STANDARD = gnu17;
				GCC_DYNAMIC_NO_PIC = NO;
				GCC_NO_COMMON_BLOCKS = YES;
				GCC_OPTIMIZATION_LEVEL = 0;
				GCC_PREPROCESSOR_DEFINITIONS = (
					"DEBUG=1",
					"$(inherited)",
				);
				GCC_WARN_64_TO_32_BIT_CONVERSION = YES;
				GCC_WARN_ABOUT_RETURN_TYPE = YES_ERROR;
				GCC_WARN_UNDECLARED_SELECTOR = YES;
				GCC_WARN_UNINITIALIZED_AUTOS = YES_AGGRESSIVE;
				GCC_WARN_UNUSED_FUNCTION = YES;
				GCC_WARN_UNUSED_VARIABLE = YES;
				IPHONEOS_DEPLOYMENT_TARGET = 17.2;
				LOCALIZATION_PREFERS_STRING_CATALOGS = YES;
				MTL_ENABLE_DEBUG_INFO = INCLUDE_SOURCE;
				MTL_FAST_MATH = YES;
				ONLY_ACTIVE_ARCH = YES;
				SDKROOT = iphoneos;
				SWIFT_ACTIVE_COMPILATION_CONDITIONS = "DEBUG $(inherited)";
				SWIFT_OPTIMIZATION_LEVEL = "-Onone";
			};
			name = Debug;
		};
		47E5CABF2B46A6910011A921 /* Release */ = {
			isa = XCBuildConfiguration;
			buildSettings = {
				ALWAYS_SEARCH_USER_PATHS = NO;
				ASSETCATALOG_COMPILER_GENERATE_SWIFT_ASSET_SYMBOL_EXTENSIONS = YES;
				CLANG_ANALYZER_NONNULL = YES;
				CLANG_ANALYZER_NUMBER_OBJECT_CONVERSION = YES_AGGRESSIVE;
				CLANG_CXX_LANGUAGE_STANDARD = "gnu++20";
				CLANG_ENABLE_MODULES = YES;
				CLANG_ENABLE_OBJC_ARC = YES;
				CLANG_ENABLE_OBJC_WEAK = YES;
				CLANG_WARN_BLOCK_CAPTURE_AUTORELEASING = YES;
				CLANG_WARN_BOOL_CONVERSION = YES;
				CLANG_WARN_COMMA = YES;
				CLANG_WARN_CONSTANT_CONVERSION = YES;
				CLANG_WARN_DEPRECATED_OBJC_IMPLEMENTATIONS = YES;
				CLANG_WARN_DIRECT_OBJC_ISA_USAGE = YES_ERROR;
				CLANG_WARN_DOCUMENTATION_COMMENTS = YES;
				CLANG_WARN_EMPTY_BODY = YES;
				CLANG_WARN_ENUM_CONVERSION = YES;
				CLANG_WARN_INFINITE_RECURSION = YES;
				CLANG_WARN_INT_CONVERSION = YES;
				CLANG_WARN_NON_LITERAL_NULL_CONVERSION = YES;
				CLANG_WARN_OBJC_IMPLICIT_RETAIN_SELF = YES;
				CLANG_WARN_OBJC_LITERAL_CONVERSION = YES;
				CLANG_WARN_OBJC_ROOT_CLASS = YES_ERROR;
				CLANG_WARN_QUOTED_INCLUDE_IN_FRAMEWORK_HEADER = YES;
				CLANG_WARN_RANGE_LOOP_ANALYSIS = YES;
				CLANG_WARN_STRICT_PROTOTYPES = YES;
				CLANG_WARN_SUSPICIOUS_MOVE = YES;
				CLANG_WARN_UNGUARDED_AVAILABILITY = YES_AGGRESSIVE;
				CLANG_WARN_UNREACHABLE_CODE = YES;
				CLANG_WARN__DUPLICATE_METHOD_MATCH = YES;
				COPY_PHASE_STRIP = NO;
				DEBUG_INFORMATION_FORMAT = "dwarf-with-dsym";
				ENABLE_NS_ASSERTIONS = NO;
				ENABLE_STRICT_OBJC_MSGSEND = YES;
				ENABLE_USER_SCRIPT_SANDBOXING = YES;
				GCC_C_LANGUAGE_STANDARD = gnu17;
				GCC_NO_COMMON_BLOCKS = YES;
				GCC_WARN_64_TO_32_BIT_CONVERSION = YES;
				GCC_WARN_ABOUT_RETURN_TYPE = YES_ERROR;
				GCC_WARN_UNDECLARED_SELECTOR = YES;
				GCC_WARN_UNINITIALIZED_AUTOS = YES_AGGRESSIVE;
				GCC_WARN_UNUSED_FUNCTION = YES;
				GCC_WARN_UNUSED_VARIABLE = YES;
				IPHONEOS_DEPLOYMENT_TARGET = 17.2;
				LOCALIZATION_PREFERS_STRING_CATALOGS = YES;
				MTL_ENABLE_DEBUG_INFO = NO;
				MTL_FAST_MATH = YES;
				SDKROOT = iphoneos;
				SWIFT_COMPILATION_MODE = wholemodule;
				VALIDATE_PRODUCT = YES;
			};
			name = Release;
		};
		47E5CAC12B46A6910011A921 /* Debug */ = {
			isa = XCBuildConfiguration;
			buildSettings = {
				ASSETCATALOG_COMPILER_APPICON_NAME = AppIcon;
				ASSETCATALOG_COMPILER_GLOBAL_ACCENT_COLOR_NAME = AccentColor;
				CODE_SIGN_STYLE = Automatic;
				CURRENT_PROJECT_VERSION = 1;
				DEVELOPMENT_ASSET_PATHS = "\"SwiftUI-TikTok/Preview Content\"";
				DEVELOPMENT_TEAM = HB2C2JWPK5;
				ENABLE_PREVIEWS = YES;
				GENERATE_INFOPLIST_FILE = YES;
				INFOPLIST_KEY_UIApplicationSceneManifest_Generation = YES;
				INFOPLIST_KEY_UIApplicationSupportsIndirectInputEvents = YES;
				INFOPLIST_KEY_UILaunchScreen_Generation = YES;
				INFOPLIST_KEY_UISupportedInterfaceOrientations_iPad = "UIInterfaceOrientationPortrait UIInterfaceOrientationPortraitUpsideDown UIInterfaceOrientationLandscapeLeft UIInterfaceOrientationLandscapeRight";
				INFOPLIST_KEY_UISupportedInterfaceOrientations_iPhone = "UIInterfaceOrientationPortrait UIInterfaceOrientationLandscapeLeft UIInterfaceOrientationLandscapeRight";
				LD_RUNPATH_SEARCH_PATHS = (
					"$(inherited)",
					"@executable_path/Frameworks",
				);
				MARKETING_VERSION = 1.0;
				PRODUCT_BUNDLE_IDENTIFIER = "Iccyan21.SwiftUI-TikTok";
				PRODUCT_NAME = "$(TARGET_NAME)";
				SWIFT_EMIT_LOC_STRINGS = YES;
				SWIFT_VERSION = 5.0;
				TARGETED_DEVICE_FAMILY = "1,2";
			};
			name = Debug;
		};
		47E5CAC22B46A6910011A921 /* Release */ = {
			isa = XCBuildConfiguration;
			buildSettings = {
				ASSETCATALOG_COMPILER_APPICON_NAME = AppIcon;
				ASSETCATALOG_COMPILER_GLOBAL_ACCENT_COLOR_NAME = AccentColor;
				CODE_SIGN_STYLE = Automatic;
				CURRENT_PROJECT_VERSION = 1;
				DEVELOPMENT_ASSET_PATHS = "\"SwiftUI-TikTok/Preview Content\"";
				DEVELOPMENT_TEAM = HB2C2JWPK5;
				ENABLE_PREVIEWS = YES;
				GENERATE_INFOPLIST_FILE = YES;
				INFOPLIST_KEY_UIApplicationSceneManifest_Generation = YES;
				INFOPLIST_KEY_UIApplicationSupportsIndirectInputEvents = YES;
				INFOPLIST_KEY_UILaunchScreen_Generation = YES;
				INFOPLIST_KEY_UISupportedInterfaceOrientations_iPad = "UIInterfaceOrientationPortrait UIInterfaceOrientationPortraitUpsideDown UIInterfaceOrientationLandscapeLeft UIInterfaceOrientationLandscapeRight";
				INFOPLIST_KEY_UISupportedInterfaceOrientations_iPhone = "UIInterfaceOrientationPortrait UIInterfaceOrientationLandscapeLeft UIInterfaceOrientationLandscapeRight";
				LD_RUNPATH_SEARCH_PATHS = (
					"$(inherited)",
					"@executable_path/Frameworks",
				);
				MARKETING_VERSION = 1.0;
				PRODUCT_BUNDLE_IDENTIFIER = "Iccyan21.SwiftUI-TikTok";
				PRODUCT_NAME = "$(TARGET_NAME)";
				SWIFT_EMIT_LOC_STRINGS = YES;
				SWIFT_VERSION = 5.0;
				TARGETED_DEVICE_FAMILY = "1,2";
			};
			name = Release;
		};
/* End XCBuildConfiguration section */

/* Begin XCConfigurationList section */
		47E5CAAD2B46A68F0011A921 /* Build configuration list for PBXProject "SwiftUI-TikTok" */ = {
			isa = XCConfigurationList;
			buildConfigurations = (
				47E5CABE2B46A6910011A921 /* Debug */,
				47E5CABF2B46A6910011A921 /* Release */,
			);
			defaultConfigurationIsVisible = 0;
			defaultConfigurationName = Release;
		};
		47E5CAC02B46A6910011A921 /* Build configuration list for PBXNativeTarget "SwiftUI-TikTok" */ = {
			isa = XCConfigurationList;
			buildConfigurations = (
				47E5CAC12B46A6910011A921 /* Debug */,
				47E5CAC22B46A6910011A921 /* Release */,
			);
			defaultConfigurationIsVisible = 0;
			defaultConfigurationName = Release;
		};
/* End XCConfigurationList section */
	};
	rootObject = 47E5CAAA2B46A68F0011A921 /* Project object */;
}
